
Microsoft Visual Studio Solution File, Format Version 12.00
# Visual Studio Version 16
VisualStudioVersion = 16.0.30717.126
MinimumVisualStudioVersion = 10.0.40219.1
Project("{FAE04EC0-301F-11D3-BF4B-00C04F79EFBC}") = "EStock.Web", "EStock.Web\EStock.Web.csproj", "{23A45A2E-CBAE-4CAE-909B-B2DD3DBAC794}"
EndProject
Project("{FAE04EC0-301F-11D3-BF4B-00C04F79EFBC}") = "EStock.Web.Tests", "EStock.Web.Tests\EStock.Web.Tests.csproj", "{08E870B2-CB17-4285-924D-43149BF26365}"
EndProject
Global
	GlobalSection(SolutionConfigurationPlatforms) = preSolution
		Debug|Any CPU = Debug|Any CPU
		Release|Any CPU = Release|Any CPU
	EndGlobalSection
	GlobalSection(ProjectConfigurationPlatforms) = postSolution
		{23A45A2E-CBAE-4CAE-909B-B2DD3DBAC794}.Debug|Any CPU.ActiveCfg = Debug|Any CPU
		{23A45A2E-CBAE-4CAE-909B-B2DD3DBAC794}.Debug|Any CPU.Build.0 = Debug|Any CPU
		{23A45A2E-CBAE-4CAE-909B-B2DD3DBAC794}.Release|Any CPU.ActiveCfg = Release|Any CPU
		{23A45A2E-CBAE-4CAE-909B-B2DD3DBAC794}.Release|Any CPU.Build.0 = Release|Any CPU
		{08E870B2-CB17-4285-924D-43149BF26365}.Debug|Any CPU.ActiveCfg = Debug|Any CPU
		{08E870B2-CB17-4285-924D-43149BF26365}.Debug|Any CPU.Build.0 = Debug|Any CPU
		{08E870B2-CB17-4285-924D-43149BF26365}.Release|Any CPU.ActiveCfg = Release|Any CPU
		{08E870B2-CB17-4285-924D-43149BF26365}.Release|Any CPU.Build.0 = Release|Any CPU
	EndGlobalSection
	GlobalSection(SolutionProperties) = preSolution
		HideSolutionNode = FALSE
	EndGlobalSection
	GlobalSection(ExtensibilityGlobals) = postSolution
		SolutionGuid = {F0DCEAE8-7C3D-4DE0-B69B-E9C27D999C39}
	EndGlobalSection
EndGlobal
